
Microsoft Visual Studio Solution File, Format Version 12.00
# Visual Studio Version 17
VisualStudioVersion = 17.10.35013.160
MinimumVisualStudioVersion = 10.0.40219.1
Project("{FAE04EC0-301F-11D3-BF4B-00C04F79EFBC}") = "ElsaYazilim", "ElsaYazilim\ElsaYazilim.csproj", "{F6FDA654-15CC-40C4-B641-69D54D64B652}"
EndProject
Project("{FAE04EC0-301F-11D3-BF4B-00C04F79EFBC}") = "DataAccsessLayer", "DataAccsessLayer\DataAccsessLayer.csproj", "{12679546-91E3-4BF8-BB00-5BA993930B06}"
EndProject
Project("{FAE04EC0-301F-11D3-BF4B-00C04F79EFBC}") = "ApiLayer", "ApiLayer\ApiLayer.csproj", "{38A52AFF-1575-48CD-B30E-182F4386DBB6}"
EndProject
Global
	GlobalSection(SolutionConfigurationPlatforms) = preSolution
		Debug|Any CPU = Debug|Any CPU
		Release|Any CPU = Release|Any CPU
	EndGlobalSection
	GlobalSection(ProjectConfigurationPlatforms) = postSolution
		{F6FDA654-15CC-40C4-B641-69D54D64B652}.Debug|Any CPU.ActiveCfg = Debug|Any CPU
		{F6FDA654-15CC-40C4-B641-69D54D64B652}.Debug|Any CPU.Build.0 = Debug|Any CPU
		{F6FDA654-15CC-40C4-B641-69D54D64B652}.Release|Any CPU.ActiveCfg = Release|Any CPU
		{F6FDA654-15CC-40C4-B641-69D54D64B652}.Release|Any CPU.Build.0 = Release|Any CPU
		{12679546-91E3-4BF8-BB00-5BA993930B06}.Debug|Any CPU.ActiveCfg = Debug|Any CPU
		{12679546-91E3-4BF8-BB00-5BA993930B06}.Debug|Any CPU.Build.0 = Debug|Any CPU
		{12679546-91E3-4BF8-BB00-5BA993930B06}.Release|Any CPU.ActiveCfg = Release|Any CPU
		{12679546-91E3-4BF8-BB00-5BA993930B06}.Release|Any CPU.Build.0 = Release|Any CPU
		{38A52AFF-1575-48CD-B30E-182F4386DBB6}.Debug|Any CPU.ActiveCfg = Debug|Any CPU
		{38A52AFF-1575-48CD-B30E-182F4386DBB6}.Debug|Any CPU.Build.0 = Debug|Any CPU
		{38A52AFF-1575-48CD-B30E-182F4386DBB6}.Release|Any CPU.ActiveCfg = Release|Any CPU
		{38A52AFF-1575-48CD-B30E-182F4386DBB6}.Release|Any CPU.Build.0 = Release|Any CPU
	EndGlobalSection
	GlobalSection(SolutionProperties) = preSolution
		HideSolutionNode = FALSE
	EndGlobalSection
	GlobalSection(ExtensibilityGlobals) = postSolution
		SolutionGuid = {42DE4F64-C73A-43A8-B422-1FB0D63AB2C7}
	EndGlobalSection
EndGlobal
